
Microsoft Visual Studio Solution File, Format Version 12.00
# Visual Studio Version 17
VisualStudioVersion = 17.5.33516.290
MinimumVisualStudioVersion = 10.0.40219.1
Project("{FAE04EC0-301F-11D3-BF4B-00C04F79EFBC}") = "ObligatorioDA1", "ObligatorioDA1\ObligatorioDA1.csproj", "{AB7A66A9-6DDF-469F-AC83-D9562A513A78}"
EndProject
Project("{FAE04EC0-301F-11D3-BF4B-00C04F79EFBC}") = "DataHandler", "DataHandler\DataHandler.csproj", "{C181DB03-FE0B-4D67-B31D-5BA6A2424D91}"
EndProject
Project("{FAE04EC0-301F-11D3-BF4B-00C04F79EFBC}") = "BusinessLogic", "BusinessLogic\BusinessLogic.csproj", "{42D14B1A-D217-41D2-9879-B603CBBD0E91}"
EndProject
Project("{FAE04EC0-301F-11D3-BF4B-00C04F79EFBC}") = "BusinessLogicTest", "BusinessLogicTest\BusinessLogicTest.csproj", "{1D00A594-11D8-4D7A-8514-FA41D558AE68}"
EndProject
Project("{FAE04EC0-301F-11D3-BF4B-00C04F79EFBC}") = "DataHandlerTest", "DataHandlerTest\DataHandlerTest.csproj", "{78BC52D5-A455-497A-B084-07A5CF3D073F}"
EndProject
Global
	GlobalSection(SolutionConfigurationPlatforms) = preSolution
		Debug|Any CPU = Debug|Any CPU
		Release|Any CPU = Release|Any CPU
	EndGlobalSection
	GlobalSection(ProjectConfigurationPlatforms) = postSolution
		{AB7A66A9-6DDF-469F-AC83-D9562A513A78}.Debug|Any CPU.ActiveCfg = Debug|Any CPU
		{AB7A66A9-6DDF-469F-AC83-D9562A513A78}.Debug|Any CPU.Build.0 = Debug|Any CPU
		{AB7A66A9-6DDF-469F-AC83-D9562A513A78}.Release|Any CPU.ActiveCfg = Release|Any CPU
		{AB7A66A9-6DDF-469F-AC83-D9562A513A78}.Release|Any CPU.Build.0 = Release|Any CPU
		{C181DB03-FE0B-4D67-B31D-5BA6A2424D91}.Debug|Any CPU.ActiveCfg = Debug|Any CPU
		{C181DB03-FE0B-4D67-B31D-5BA6A2424D91}.Debug|Any CPU.Build.0 = Debug|Any CPU
		{C181DB03-FE0B-4D67-B31D-5BA6A2424D91}.Release|Any CPU.ActiveCfg = Release|Any CPU
		{C181DB03-FE0B-4D67-B31D-5BA6A2424D91}.Release|Any CPU.Build.0 = Release|Any CPU
		{42D14B1A-D217-41D2-9879-B603CBBD0E91}.Debug|Any CPU.ActiveCfg = Debug|Any CPU
		{42D14B1A-D217-41D2-9879-B603CBBD0E91}.Debug|Any CPU.Build.0 = Debug|Any CPU
		{42D14B1A-D217-41D2-9879-B603CBBD0E91}.Release|Any CPU.ActiveCfg = Release|Any CPU
		{42D14B1A-D217-41D2-9879-B603CBBD0E91}.Release|Any CPU.Build.0 = Release|Any CPU
		{1D00A594-11D8-4D7A-8514-FA41D558AE68}.Debug|Any CPU.ActiveCfg = Debug|Any CPU
		{1D00A594-11D8-4D7A-8514-FA41D558AE68}.Debug|Any CPU.Build.0 = Debug|Any CPU
		{1D00A594-11D8-4D7A-8514-FA41D558AE68}.Release|Any CPU.ActiveCfg = Release|Any CPU
		{1D00A594-11D8-4D7A-8514-FA41D558AE68}.Release|Any CPU.Build.0 = Release|Any CPU
		{78BC52D5-A455-497A-B084-07A5CF3D073F}.Debug|Any CPU.ActiveCfg = Debug|Any CPU
		{78BC52D5-A455-497A-B084-07A5CF3D073F}.Debug|Any CPU.Build.0 = Debug|Any CPU
		{78BC52D5-A455-497A-B084-07A5CF3D073F}.Release|Any CPU.ActiveCfg = Release|Any CPU
		{78BC52D5-A455-497A-B084-07A5CF3D073F}.Release|Any CPU.Build.0 = Release|Any CPU
	EndGlobalSection
	GlobalSection(SolutionProperties) = preSolution
		HideSolutionNode = FALSE
	EndGlobalSection
	GlobalSection(ExtensibilityGlobals) = postSolution
		SolutionGuid = {6ED7ADA1-8446-4C10-BAAD-FE188725E066}
	EndGlobalSection
EndGlobal
